
Microsoft Visual Studio Solution File, Format Version 12.00
# Visual Studio Version 17
VisualStudioVersion = 17.1.32328.378
MinimumVisualStudioVersion = 10.0.40219.1
Project("{FAE04EC0-301F-11D3-BF4B-00C04F79EFBC}") = "Ticket-System-Real", "Ticket-System-Real\Ticket-System-Real.csproj", "{EDCF2882-9EAC-4E40-A1DA-42CDB76918BA}"
EndProject
Project("{FAE04EC0-301F-11D3-BF4B-00C04F79EFBC}") = "DBL", "DBL\DBL.csproj", "{2EB56213-E718-49E3-9888-901A111DB374}"
EndProject
Global
	GlobalSection(SolutionConfigurationPlatforms) = preSolution
		Debug|Any CPU = Debug|Any CPU
		Release|Any CPU = Release|Any CPU
	EndGlobalSection
	GlobalSection(ProjectConfigurationPlatforms) = postSolution
		{EDCF2882-9EAC-4E40-A1DA-42CDB76918BA}.Debug|Any CPU.ActiveCfg = Debug|Any CPU
		{EDCF2882-9EAC-4E40-A1DA-42CDB76918BA}.Debug|Any CPU.Build.0 = Debug|Any CPU
		{EDCF2882-9EAC-4E40-A1DA-42CDB76918BA}.Release|Any CPU.ActiveCfg = Release|Any CPU
		{EDCF2882-9EAC-4E40-A1DA-42CDB76918BA}.Release|Any CPU.Build.0 = Release|Any CPU
		{2EB56213-E718-49E3-9888-901A111DB374}.Debug|Any CPU.ActiveCfg = Debug|Any CPU
		{2EB56213-E718-49E3-9888-901A111DB374}.Debug|Any CPU.Build.0 = Debug|Any CPU
		{2EB56213-E718-49E3-9888-901A111DB374}.Release|Any CPU.ActiveCfg = Release|Any CPU
		{2EB56213-E718-49E3-9888-901A111DB374}.Release|Any CPU.Build.0 = Release|Any CPU
	EndGlobalSection
	GlobalSection(SolutionProperties) = preSolution
		HideSolutionNode = FALSE
	EndGlobalSection
	GlobalSection(ExtensibilityGlobals) = postSolution
		SolutionGuid = {AAA04512-7AEF-45EC-8404-186B3899A8E1}
	EndGlobalSection
EndGlobal
